{
  "nodes": {
    "flakeNimbleLib": {
      "inputs": {
        "nixpkgs": [
          "nixpkgs"
        ]
      },
      "locked": {
        "lastModified": 1662018438,
        "narHash": "sha256-QtNtU6+LX3Wokxf0zlFwKTFOcn6TeDjKQZ+DA9OYtvM=",
        "owner": "riinr",
        "repo": "nim-flakes-lib",
        "rev": "b1fe8340736e3a85d25c709ac3dfd82a55c03cbf",
        "type": "github"
      },
      "original": {
        "owner": "riinr",
        "ref": "master",
        "repo": "nim-flakes-lib",
        "type": "github"
      }
    },
    "lz77-master": {
      "inputs": {
        "flakeNimbleLib": [
          "flakeNimbleLib"
        ],
        "nixpkgs": [
          "nixpkgs"
        ],
        "src-lz77-master": "src-lz77-master"
      },
      "locked": {
        "dir": "master",
        "lastModified": 1662254595,
        "narHash": "sha256-QhoLWMv/goO5Rl71rbUoFvCI5/OqKZ84xET9OSNZ/V8=",
        "owner": "nim-nix-pkgs",
        "repo": "lz77",
        "rev": "c1ae3c56c9dbb50d192ad04fca622325ae629f8c",
        "type": "github"
      },
      "original": {
        "dir": "master",
        "owner": "nim-nix-pkgs",
        "ref": "master",
        "repo": "lz77",
        "type": "github"
      }
    },
    "nixpkgs": {
      "locked": {
        "lastModified": 1667110639,
        "narHash": "sha256-4FbPESZ5LbqQxkJJJBAfk/zKgF9h/4kyUwjjpJwYlbc=",
        "owner": "NixOS",
        "repo": "nixpkgs",
        "rev": "f38a1f04d1bec1feb61fd101a0539ae2002a7087",
        "type": "github"
      },
      "original": {
        "id": "nixpkgs",
        "type": "indirect"
      }
    },
    "root": {
      "inputs": {
        "flakeNimbleLib": "flakeNimbleLib",
        "lz77-master": "lz77-master",
        "nixpkgs": "nixpkgs"
      }
    },
    "src-lz77-master": {
      "flake": false,
      "locked": {
        "lastModified": 1589194089,
        "narHash": "sha256-zmQQPRDlBwp1HmvsqXlIufTt+uu7rE49k+LytPNRuZU=",
        "owner": "sealmove",
        "repo": "LZ77",
        "rev": "39713096943091baf7fea154aec8c2a7bcc40bb7",
        "type": "github"
      },
      "original": {
        "owner": "sealmove",
        "ref": "refs/heads/master",
        "repo": "LZ77",
        "type": "github"
      }
    }
  },
  "root": "root",
  "version": 7
}
